
Microsoft Visual Studio Solution File, Format Version 12.00
# Visual Studio Version 16
VisualStudioVersion = 16.0.32228.343
MinimumVisualStudioVersion = 10.0.40219.1
Project("{9A19103F-16F7-4668-BE54-9A1E7A4F7556}") = "MiCalculadora", "MiCalculadora\MiCalculadora.csproj", "{E553841B-E5B3-4989-B791-E3BC02D633FB}"
EndProject
Project("{FAE04EC0-301F-11D3-BF4B-00C04F79EFBC}") = "Entidades", "Entidades\Entidades.csproj", "{5EDBB7D8-5A00-449A-A7D2-C04C2E69CED5}"
EndProject
Global
	GlobalSection(SolutionConfigurationPlatforms) = preSolution
		Debug|Any CPU = Debug|Any CPU
		Release|Any CPU = Release|Any CPU
	EndGlobalSection
	GlobalSection(ProjectConfigurationPlatforms) = postSolution
		{E553841B-E5B3-4989-B791-E3BC02D633FB}.Debug|Any CPU.ActiveCfg = Debug|Any CPU
		{E553841B-E5B3-4989-B791-E3BC02D633FB}.Debug|Any CPU.Build.0 = Debug|Any CPU
		{E553841B-E5B3-4989-B791-E3BC02D633FB}.Release|Any CPU.ActiveCfg = Release|Any CPU
		{E553841B-E5B3-4989-B791-E3BC02D633FB}.Release|Any CPU.Build.0 = Release|Any CPU
		{5EDBB7D8-5A00-449A-A7D2-C04C2E69CED5}.Debug|Any CPU.ActiveCfg = Debug|Any CPU
		{5EDBB7D8-5A00-449A-A7D2-C04C2E69CED5}.Debug|Any CPU.Build.0 = Debug|Any CPU
		{5EDBB7D8-5A00-449A-A7D2-C04C2E69CED5}.Release|Any CPU.ActiveCfg = Release|Any CPU
		{5EDBB7D8-5A00-449A-A7D2-C04C2E69CED5}.Release|Any CPU.Build.0 = Release|Any CPU
	EndGlobalSection
	GlobalSection(SolutionProperties) = preSolution
		HideSolutionNode = FALSE
	EndGlobalSection
	GlobalSection(ExtensibilityGlobals) = postSolution
		SolutionGuid = {32E169B7-4F88-43DF-886C-6668A7D7B306}
	EndGlobalSection
EndGlobal
